// !$*UTF8*$!
{
	archiveVersion = 1;
	classes = {
	};
	objectVersion = 55;
	objects = {

/* Begin PBXBuildFile section */
		0A472C2A2974DAE1001C90B8 /* GoogleService-Info.plist in Resources */ = {isa = PBXBuildFile; fileRef = 0A472C292974DAE1001C90B8 /* GoogleService-Info.plist */; };
		0A472C2D2974F507001C90B8 /* FirebaseAnalytics in Frameworks */ = {isa = PBXBuildFile; productRef = 0A472C2C2974F507001C90B8 /* FirebaseAnalytics */; };
		0A472C2F2974F507001C90B8 /* FirebaseAnalyticsSwift in Frameworks */ = {isa = PBXBuildFile; productRef = 0A472C2E2974F507001C90B8 /* FirebaseAnalyticsSwift */; };
		0A6823C328B4256F00109305 /* AppDelegate.swift in Sources */ = {isa = PBXBuildFile; fileRef = 0A6823C228B4256F00109305 /* AppDelegate.swift */; };
		0A6823C528B4256F00109305 /* SceneDelegate.swift in Sources */ = {isa = PBXBuildFile; fileRef = 0A6823C428B4256F00109305 /* SceneDelegate.swift */; };
		0A6823C728B4256F00109305 /* ViewController.swift in Sources */ = {isa = PBXBuildFile; fileRef = 0A6823C628B4256F00109305 /* ViewController.swift */; };
		0A6823CA28B4256F00109305 /* Main.storyboard in Resources */ = {isa = PBXBuildFile; fileRef = 0A6823C828B4256F00109305 /* Main.storyboard */; };
		0A6823CC28B4257200109305 /* Assets.xcassets in Resources */ = {isa = PBXBuildFile; fileRef = 0A6823CB28B4257200109305 /* Assets.xcassets */; };
		0A6823CF28B4257200109305 /* LaunchScreen.storyboard in Resources */ = {isa = PBXBuildFile; fileRef = 0A6823CD28B4257200109305 /* LaunchScreen.storyboard */; };
		0A8F015428C0199600F79328 /* RestaurantContent.swift in Sources */ = {isa = PBXBuildFile; fileRef = 0A8F015328C0199600F79328 /* RestaurantContent.swift */; };
		0AC6B5DB28CD1E65002CB32E /* icons.json in Resources */ = {isa = PBXBuildFile; fileRef = 0AC6B5D928CD1E50002CB32E /* icons.json */; };
		0AC6B5DC28CD1E6A002CB32E /* Font Awesome 6 Free-Solid-900.otf in Resources */ = {isa = PBXBuildFile; fileRef = 0AC6B5DA28CD1E50002CB32E /* Font Awesome 6 Free-Solid-900.otf */; };
		0AC6B5DD28CD1E6A002CB32E /* Font Awesome 6 Brands-Regular-400.otf in Resources */ = {isa = PBXBuildFile; fileRef = 0AC6B5D728CD1E50002CB32E /* Font Awesome 6 Brands-Regular-400.otf */; };
		0AC6B5DE28CD1E6A002CB32E /* Font Awesome 6 Free-Regular-400.otf in Resources */ = {isa = PBXBuildFile; fileRef = 0AC6B5D828CD1E50002CB32E /* Font Awesome 6 Free-Regular-400.otf */; };
		0AD841322977659C0021B111 /* useful-space-374315-12c165bc146a.json in Resources */ = {isa = PBXBuildFile; fileRef = 0AD841312977659C0021B111 /* useful-space-374315-12c165bc146a.json */; };
/* End PBXBuildFile section */

/* Begin PBXFileReference section */
		0A472C292974DAE1001C90B8 /* GoogleService-Info.plist */ = {isa = PBXFileReference; fileEncoding = 4; lastKnownFileType = text.plist.xml; path = "GoogleService-Info.plist"; sourceTree = "<group>"; };
		0A6823BF28B4256F00109305 /* fresh-eats.app */ = {isa = PBXFileReference; explicitFileType = wrapper.application; includeInIndex = 0; path = "fresh-eats.app"; sourceTree = BUILT_PRODUCTS_DIR; };
		0A6823C228B4256F00109305 /* AppDelegate.swift */ = {isa = PBXFileReference; lastKnownFileType = sourcecode.swift; path = AppDelegate.swift; sourceTree = "<group>"; };
		0A6823C428B4256F00109305 /* SceneDelegate.swift */ = {isa = PBXFileReference; lastKnownFileType = sourcecode.swift; path = SceneDelegate.swift; sourceTree = "<group>"; };
		0A6823C628B4256F00109305 /* ViewController.swift */ = {isa = PBXFileReference; lastKnownFileType = sourcecode.swift; path = ViewController.swift; sourceTree = "<group>"; };
		0A6823C928B4256F00109305 /* Base */ = {isa = PBXFileReference; lastKnownFileType = file.storyboard; name = Base; path = Base.lproj/Main.storyboard; sourceTree = "<group>"; };
		0A6823CB28B4257200109305 /* Assets.xcassets */ = {isa = PBXFileReference; lastKnownFileType = folder.assetcatalog; path = Assets.xcassets; sourceTree = "<group>"; };
		0A6823CE28B4257200109305 /* Base */ = {isa = PBXFileReference; lastKnownFileType = file.storyboard; name = Base; path = Base.lproj/LaunchScreen.storyboard; sourceTree = "<group>"; };
		0A6823D028B4257200109305 /* Info.plist */ = {isa = PBXFileReference; lastKnownFileType = text.plist.xml; path = Info.plist; sourceTree = "<group>"; };
		0A8F015328C0199600F79328 /* RestaurantContent.swift */ = {isa = PBXFileReference; lastKnownFileType = sourcecode.swift; path = RestaurantContent.swift; sourceTree = "<group>"; };
		0AC6B5D728CD1E50002CB32E /* Font Awesome 6 Brands-Regular-400.otf */ = {isa = PBXFileReference; lastKnownFileType = file; path = "Font Awesome 6 Brands-Regular-400.otf"; sourceTree = "<group>"; };
		0AC6B5D828CD1E50002CB32E /* Font Awesome 6 Free-Regular-400.otf */ = {isa = PBXFileReference; lastKnownFileType = file; path = "Font Awesome 6 Free-Regular-400.otf"; sourceTree = "<group>"; };
		0AC6B5D928CD1E50002CB32E /* icons.json */ = {isa = PBXFileReference; lastKnownFileType = text.json; path = icons.json; sourceTree = "<group>"; };
		0AC6B5DA28CD1E50002CB32E /* Font Awesome 6 Free-Solid-900.otf */ = {isa = PBXFileReference; lastKnownFileType = file; path = "Font Awesome 6 Free-Solid-900.otf"; sourceTree = "<group>"; };
		0AD841312977659C0021B111 /* useful-space-374315-12c165bc146a.json */ = {isa = PBXFileReference; fileEncoding = 4; lastKnownFileType = text.json; path = "useful-space-374315-12c165bc146a.json"; sourceTree = "<group>"; };
/* End PBXFileReference section */

/* Begin PBXFrameworksBuildPhase section */
		0A6823BC28B4256F00109305 /* Frameworks */ = {
			isa = PBXFrameworksBuildPhase;
			buildActionMask = 2147483647;
			files = (
				0A472C2F2974F507001C90B8 /* FirebaseAnalyticsSwift in Frameworks */,
				0A472C2D2974F507001C90B8 /* FirebaseAnalytics in Frameworks */,
			);
			runOnlyForDeploymentPostprocessing = 0;
		};
/* End PBXFrameworksBuildPhase section */

/* Begin PBXGroup section */
		0A6823B628B4256F00109305 = {
			isa = PBXGroup;
			children = (
				0A6823C128B4256F00109305 /* fresh-eats */,
				0A6823C028B4256F00109305 /* Products */,
			);
			sourceTree = "<group>";
		};
		0A6823C028B4256F00109305 /* Products */ = {
			isa = PBXGroup;
			children = (
				0A6823BF28B4256F00109305 /* fresh-eats.app */,
			);
			name = Products;
			sourceTree = "<group>";
		};
		0A6823C128B4256F00109305 /* fresh-eats */ = {
			isa = PBXGroup;
			children = (
				0A6823C228B4256F00109305 /* AppDelegate.swift */,
				0A6823C428B4256F00109305 /* SceneDelegate.swift */,
				0A6823C628B4256F00109305 /* ViewController.swift */,
				0A8F015328C0199600F79328 /* RestaurantContent.swift */,
				0A6823C828B4256F00109305 /* Main.storyboard */,
				0A6823CB28B4257200109305 /* Assets.xcassets */,
				0A6823CD28B4257200109305 /* LaunchScreen.storyboard */,
				0A6823D028B4257200109305 /* Info.plist */,
				0A472C292974DAE1001C90B8 /* GoogleService-Info.plist */,
				0AD841312977659C0021B111 /* useful-space-374315-12c165bc146a.json */,
				0AC6B5DF28CD54E7002CB32E /* fonts */,
			);
			path = "fresh-eats";
			sourceTree = "<group>";
		};
		0AC6B5DF28CD54E7002CB32E /* fonts */ = {
			isa = PBXGroup;
			children = (
				0AC6B5D928CD1E50002CB32E /* icons.json */,
				0AC6B5D728CD1E50002CB32E /* Font Awesome 6 Brands-Regular-400.otf */,
				0AC6B5D828CD1E50002CB32E /* Font Awesome 6 Free-Regular-400.otf */,
				0AC6B5DA28CD1E50002CB32E /* Font Awesome 6 Free-Solid-900.otf */,
			);
			path = fonts;
			sourceTree = "<group>";
		};
/* End PBXGroup section */

/* Begin PBXNativeTarget section */
		0A6823BE28B4256F00109305 /* fresh-eats */ = {
			isa = PBXNativeTarget;
			buildConfigurationList = 0A6823D328B4257200109305 /* Build configuration list for PBXNativeTarget "fresh-eats" */;
			buildPhases = (
				0A6823BB28B4256F00109305 /* Sources */,
				0A6823BC28B4256F00109305 /* Frameworks */,
				0A6823BD28B4256F00109305 /* Resources */,
			);
			buildRules = (
			);
			dependencies = (
			);
			name = "fresh-eats";
			packageProductDependencies = (
				0A472C2C2974F507001C90B8 /* FirebaseAnalytics */,
				0A472C2E2974F507001C90B8 /* FirebaseAnalyticsSwift */,
			);
			productName = "fresh-eats";
			productReference = 0A6823BF28B4256F00109305 /* fresh-eats.app */;
			productType = "com.apple.product-type.application";
		};
/* End PBXNativeTarget section */

/* Begin PBXProject section */
		0A6823B728B4256F00109305 /* Project object */ = {
			isa = PBXProject;
			attributes = {
				BuildIndependentTargetsInParallel = 1;
				LastSwiftUpdateCheck = 1340;
				LastUpgradeCheck = 1340;
				TargetAttributes = {
					0A6823BE28B4256F00109305 = {
						CreatedOnToolsVersion = 13.4.1;
					};
				};
			};
			buildConfigurationList = 0A6823BA28B4256F00109305 /* Build configuration list for PBXProject "fresh-eats" */;
			compatibilityVersion = "Xcode 13.0";
			developmentRegion = en;
			hasScannedForEncodings = 0;
			knownRegions = (
				en,
				Base,
			);
			mainGroup = 0A6823B628B4256F00109305;
			packageReferences = (
				0A472C2B2974F507001C90B8 /* XCRemoteSwiftPackageReference "firebase-ios-sdk" */,
			);
			productRefGroup = 0A6823C028B4256F00109305 /* Products */;
			projectDirPath = "";
			projectRoot = "";
			targets = (
				0A6823BE28B4256F00109305 /* fresh-eats */,
			);
		};
/* End PBXProject section */

/* Begin PBXResourcesBuildPhase section */
		0A6823BD28B4256F00109305 /* Resources */ = {
			isa = PBXResourcesBuildPhase;
			buildActionMask = 2147483647;
			files = (
				0AC6B5DD28CD1E6A002CB32E /* Font Awesome 6 Brands-Regular-400.otf in Resources */,
				0AD841322977659C0021B111 /* useful-space-374315-12c165bc146a.json in Resources */,
				0A472C2A2974DAE1001C90B8 /* GoogleService-Info.plist in Resources */,
				0A6823CF28B4257200109305 /* LaunchScreen.storyboard in Resources */,
				0A6823CC28B4257200109305 /* Assets.xcassets in Resources */,
				0AC6B5DC28CD1E6A002CB32E /* Font Awesome 6 Free-Solid-900.otf in Resources */,
				0A6823CA28B4256F00109305 /* Main.storyboard in Resources */,
				0AC6B5DB28CD1E65002CB32E /* icons.json in Resources */,
				0AC6B5DE28CD1E6A002CB32E /* Font Awesome 6 Free-Regular-400.otf in Resources */,
			);
			runOnlyForDeploymentPostprocessing = 0;
		};
/* End PBXResourcesBuildPhase section */

/* Begin PBXSourcesBuildPhase section */
		0A6823BB28B4256F00109305 /* Sources */ = {
			isa = PBXSourcesBuildPhase;
			buildActionMask = 2147483647;
			files = (
				0A6823C728B4256F00109305 /* ViewController.swift in Sources */,
				0A6823C328B4256F00109305 /* AppDelegate.swift in Sources */,
				0A8F015428C0199600F79328 /* RestaurantContent.swift in Sources */,
				0A6823C528B4256F00109305 /* SceneDelegate.swift in Sources */,
			);
			runOnlyForDeploymentPostprocessing = 0;
		};
/* End PBXSourcesBuildPhase section */

/* Begin PBXVariantGroup section */
		0A6823C828B4256F00109305 /* Main.storyboard */ = {
			isa = PBXVariantGroup;
			children = (
				0A6823C928B4256F00109305 /* Base */,
			);
			name = Main.storyboard;
			sourceTree = "<group>";
		};
		0A6823CD28B4257200109305 /* LaunchScreen.storyboard */ = {
			isa = PBXVariantGroup;
			children = (
				0A6823CE28B4257200109305 /* Base */,
			);
			name = LaunchScreen.storyboard;
			sourceTree = "<group>";
		};
/* End PBXVariantGroup section */

/* Begin XCBuildConfiguration section */
		0A6823D128B4257200109305 /* Debug */ = {
			isa = XCBuildConfiguration;
			buildSettings = {
				ALWAYS_SEARCH_USER_PATHS = NO;
				CLANG_ANALYZER_NONNULL = YES;
				CLANG_ANALYZER_NUMBER_OBJECT_CONVERSION = YES_AGGRESSIVE;
				CLANG_CXX_LANGUAGE_STANDARD = "gnu++17";
				CLANG_ENABLE_MODULES = YES;
				CLANG_ENABLE_OBJC_ARC = YES;
				CLANG_ENABLE_OBJC_WEAK = YES;
				CLANG_WARN_BLOCK_CAPTURE_AUTORELEASING = YES;
				CLANG_WARN_BOOL_CONVERSION = YES;
				CLANG_WARN_COMMA = YES;
				CLANG_WARN_CONSTANT_CONVERSION = YES;
				CLANG_WARN_DEPRECATED_OBJC_IMPLEMENTATIONS = YES;
				CLANG_WARN_DIRECT_OBJC_ISA_USAGE = YES_ERROR;
				CLANG_WARN_DOCUMENTATION_COMMENTS = YES;
				CLANG_WARN_EMPTY_BODY = YES;
				CLANG_WARN_ENUM_CONVERSION = YES;
				CLANG_WARN_INFINITE_RECURSION = YES;
				CLANG_WARN_INT_CONVERSION = YES;
				CLANG_WARN_NON_LITERAL_NULL_CONVERSION = YES;
				CLANG_WARN_OBJC_IMPLICIT_RETAIN_SELF = YES;
				CLANG_WARN_OBJC_LITERAL_CONVERSION = YES;
				CLANG_WARN_OBJC_ROOT_CLASS = YES_ERROR;
				CLANG_WARN_QUOTED_INCLUDE_IN_FRAMEWORK_HEADER = YES;
				CLANG_WARN_RANGE_LOOP_ANALYSIS = YES;
				CLANG_WARN_STRICT_PROTOTYPES = YES;
				CLANG_WARN_SUSPICIOUS_MOVE = YES;
				CLANG_WARN_UNGUARDED_AVAILABILITY = YES_AGGRESSIVE;
				CLANG_WARN_UNREACHABLE_CODE = YES;
				CLANG_WARN__DUPLICATE_METHOD_MATCH = YES;
				COPY_PHASE_STRIP = NO;
				DEBUG_INFORMATION_FORMAT = dwarf;
				ENABLE_STRICT_OBJC_MSGSEND = YES;
				ENABLE_TESTABILITY = YES;
				GCC_C_LANGUAGE_STANDARD = gnu11;
				GCC_DYNAMIC_NO_PIC = NO;
				GCC_NO_COMMON_BLOCKS = YES;
				GCC_OPTIMIZATION_LEVEL = 0;
				GCC_PREPROCESSOR_DEFINITIONS = (
					"DEBUG=1",
					"$(inherited)",
				);
				GCC_WARN_64_TO_32_BIT_CONVERSION = YES;
				GCC_WARN_ABOUT_RETURN_TYPE = YES_ERROR;
				GCC_WARN_UNDECLARED_SELECTOR = YES;
				GCC_WARN_UNINITIALIZED_AUTOS = YES_AGGRESSIVE;
				GCC_WARN_UNUSED_FUNCTION = YES;
				GCC_WARN_UNUSED_VARIABLE = YES;
				IPHONEOS_DEPLOYMENT_TARGET = 15.5;
				MTL_ENABLE_DEBUG_INFO = INCLUDE_SOURCE;
				MTL_FAST_MATH = YES;
				ONLY_ACTIVE_ARCH = YES;
				SDKROOT = iphoneos;
				SWIFT_ACTIVE_COMPILATION_CONDITIONS = DEBUG;
				SWIFT_OPTIMIZATION_LEVEL = "-Onone";
			};
			name = Debug;
		};
		0A6823D228B4257200109305 /* Release */ = {
			isa = XCBuildConfiguration;
			buildSettings = {
				ALWAYS_SEARCH_USER_PATHS = NO;
				CLANG_ANALYZER_NONNULL = YES;
				CLANG_ANALYZER_NUMBER_OBJECT_CONVERSION = YES_AGGRESSIVE;
				CLANG_CXX_LANGUAGE_STANDARD = "gnu++17";
				CLANG_ENABLE_MODULES = YES;
				CLANG_ENABLE_OBJC_ARC = YES;
				CLANG_ENABLE_OBJC_WEAK = YES;
				CLANG_WARN_BLOCK_CAPTURE_AUTORELEASING = YES;
				CLANG_WARN_BOOL_CONVERSION = YES;
				CLANG_WARN_COMMA = YES;
				CLANG_WARN_CONSTANT_CONVERSION = YES;
				CLANG_WARN_DEPRECATED_OBJC_IMPLEMENTATIONS = YES;
				CLANG_WARN_DIRECT_OBJC_ISA_USAGE = YES_ERROR;
				CLANG_WARN_DOCUMENTATION_COMMENTS = YES;
				CLANG_WARN_EMPTY_BODY = YES;
				CLANG_WARN_ENUM_CONVERSION = YES;
				CLANG_WARN_INFINITE_RECURSION = YES;
				CLANG_WARN_INT_CONVERSION = YES;
				CLANG_WARN_NON_LITERAL_NULL_CONVERSION = YES;
				CLANG_WARN_OBJC_IMPLICIT_RETAIN_SELF = YES;
				CLANG_WARN_OBJC_LITERAL_CONVERSION = YES;
				CLANG_WARN_OBJC_ROOT_CLASS = YES_ERROR;
				CLANG_WARN_QUOTED_INCLUDE_IN_FRAMEWORK_HEADER = YES;
				CLANG_WARN_RANGE_LOOP_ANALYSIS = YES;
				CLANG_WARN_STRICT_PROTOTYPES = YES;
				CLANG_WARN_SUSPICIOUS_MOVE = YES;
				CLANG_WARN_UNGUARDED_AVAILABILITY = YES_AGGRESSIVE;
				CLANG_WARN_UNREACHABLE_CODE = YES;
				CLANG_WARN__DUPLICATE_METHOD_MATCH = YES;
				COPY_PHASE_STRIP = NO;
				DEBUG_INFORMATION_FORMAT = "dwarf-with-dsym";
				ENABLE_NS_ASSERTIONS = NO;
				ENABLE_STRICT_OBJC_MSGSEND = YES;
				GCC_C_LANGUAGE_STANDARD = gnu11;
				GCC_NO_COMMON_BLOCKS = YES;
				GCC_WARN_64_TO_32_BIT_CONVERSION = YES;
				GCC_WARN_ABOUT_RETURN_TYPE = YES_ERROR;
				GCC_WARN_UNDECLARED_SELECTOR = YES;
				GCC_WARN_UNINITIALIZED_AUTOS = YES_AGGRESSIVE;
				GCC_WARN_UNUSED_FUNCTION = YES;
				GCC_WARN_UNUSED_VARIABLE = YES;
				IPHONEOS_DEPLOYMENT_TARGET = 15.5;
				MTL_ENABLE_DEBUG_INFO = NO;
				MTL_FAST_MATH = YES;
				SDKROOT = iphoneos;
				SWIFT_COMPILATION_MODE = wholemodule;
				SWIFT_OPTIMIZATION_LEVEL = "-O";
				VALIDATE_PRODUCT = YES;
			};
			name = Release;
		};
		0A6823D428B4257200109305 /* Debug */ = {
			isa = XCBuildConfiguration;
			buildSettings = {
				ASSETCATALOG_COMPILER_APPICON_NAME = AppIcon;
				ASSETCATALOG_COMPILER_GLOBAL_ACCENT_COLOR_NAME = AccentColor;
				CODE_SIGN_STYLE = Automatic;
				CURRENT_PROJECT_VERSION = 1;
				DEVELOPMENT_TEAM = DG8PM3987A;
				GENERATE_INFOPLIST_FILE = YES;
				INFOPLIST_FILE = "fresh-eats/Info.plist";
				INFOPLIST_KEY_UIApplicationSupportsIndirectInputEvents = YES;
				INFOPLIST_KEY_UILaunchStoryboardName = LaunchScreen;
				INFOPLIST_KEY_UIMainStoryboardFile = Main;
				INFOPLIST_KEY_UISupportedInterfaceOrientations_iPad = "UIInterfaceOrientationPortrait UIInterfaceOrientationPortraitUpsideDown UIInterfaceOrientationLandscapeLeft UIInterfaceOrientationLandscapeRight";
				INFOPLIST_KEY_UISupportedInterfaceOrientations_iPhone = "UIInterfaceOrientationPortrait UIInterfaceOrientationLandscapeLeft UIInterfaceOrientationLandscapeRight";
				LD_RUNPATH_SEARCH_PATHS = (
					"$(inherited)",
					"@executable_path/Frameworks",
				);
				MARKETING_VERSION = 1.0;
				PRODUCT_BUNDLE_IDENTIFIER = "io.kevin.fresh-eats";
				PRODUCT_NAME = "$(TARGET_NAME)";
				SWIFT_EMIT_LOC_STRINGS = YES;
				SWIFT_VERSION = 5.0;
				TARGETED_DEVICE_FAMILY = "1,2";
			};
			name = Debug;
		};
		0A6823D528B4257200109305 /* Release */ = {
			isa = XCBuildConfiguration;
			buildSettings = {
				ASSETCATALOG_COMPILER_APPICON_NAME = AppIcon;
				ASSETCATALOG_COMPILER_GLOBAL_ACCENT_COLOR_NAME = AccentColor;
				CODE_SIGN_STYLE = Automatic;
				CURRENT_PROJECT_VERSION = 1;
				DEVELOPMENT_TEAM = DG8PM3987A;
				GENERATE_INFOPLIST_FILE = YES;
				INFOPLIST_FILE = "fresh-eats/Info.plist";
				INFOPLIST_KEY_UIApplicationSupportsIndirectInputEvents = YES;
				INFOPLIST_KEY_UILaunchStoryboardName = LaunchScreen;
				INFOPLIST_KEY_UIMainStoryboardFile = Main;
				INFOPLIST_KEY_UISupportedInterfaceOrientations_iPad = "UIInterfaceOrientationPortrait UIInterfaceOrientationPortraitUpsideDown UIInterfaceOrientationLandscapeLeft UIInterfaceOrientationLandscapeRight";
				INFOPLIST_KEY_UISupportedInterfaceOrientations_iPhone = "UIInterfaceOrientationPortrait UIInterfaceOrientationLandscapeLeft UIInterfaceOrientationLandscapeRight";
				LD_RUNPATH_SEARCH_PATHS = (
					"$(inherited)",
					"@executable_path/Frameworks",
				);
				MARKETING_VERSION = 1.0;
				PRODUCT_BUNDLE_IDENTIFIER = "io.kevin.fresh-eats";
				PRODUCT_NAME = "$(TARGET_NAME)";
				SWIFT_EMIT_LOC_STRINGS = YES;
				SWIFT_VERSION = 5.0;
				TARGETED_DEVICE_FAMILY = "1,2";
			};
			name = Release;
		};
/* End XCBuildConfiguration section */

/* Begin XCConfigurationList section */
		0A6823BA28B4256F00109305 /* Build configuration list for PBXProject "fresh-eats" */ = {
			isa = XCConfigurationList;
			buildConfigurations = (
				0A6823D128B4257200109305 /* Debug */,
				0A6823D228B4257200109305 /* Release */,
			);
			defaultConfigurationIsVisible = 0;
			defaultConfigurationName = Release;
		};
		0A6823D328B4257200109305 /* Build configuration list for PBXNativeTarget "fresh-eats" */ = {
			isa = XCConfigurationList;
			buildConfigurations = (
				0A6823D428B4257200109305 /* Debug */,
				0A6823D528B4257200109305 /* Release */,
			);
			defaultConfigurationIsVisible = 0;
			defaultConfigurationName = Release;
		};
/* End XCConfigurationList section */

/* Begin XCRemoteSwiftPackageReference section */
		0A472C2B2974F507001C90B8 /* XCRemoteSwiftPackageReference "firebase-ios-sdk" */ = {
			isa = XCRemoteSwiftPackageReference;
			repositoryURL = "https://github.com/firebase/firebase-ios-sdk";
			requirement = {
				kind = upToNextMajorVersion;
				minimumVersion = 9.0.0;
			};
		};
/* End XCRemoteSwiftPackageReference section */

/* Begin XCSwiftPackageProductDependency section */
		0A472C2C2974F507001C90B8 /* FirebaseAnalytics */ = {
			isa = XCSwiftPackageProductDependency;
			package = 0A472C2B2974F507001C90B8 /* XCRemoteSwiftPackageReference "firebase-ios-sdk" */;
			productName = FirebaseAnalytics;
		};
		0A472C2E2974F507001C90B8 /* FirebaseAnalyticsSwift */ = {
			isa = XCSwiftPackageProductDependency;
			package = 0A472C2B2974F507001C90B8 /* XCRemoteSwiftPackageReference "firebase-ios-sdk" */;
			productName = FirebaseAnalyticsSwift;
		};
/* End XCSwiftPackageProductDependency section */
	};
	rootObject = 0A6823B728B4256F00109305 /* Project object */;
}
